
Microsoft Visual Studio Solution File, Format Version 12.00
# Visual Studio Version 17
VisualStudioVersion = 17.13.35919.96 d17.13
MinimumVisualStudioVersion = 10.0.40219.1
Project("{FAE04EC0-301F-11D3-BF4B-00C04F79EFBC}") = "ProyectoMetodologia", "ProyectoMetodologia\ProyectoMetodologia.csproj", "{3C83A08B-D1BD-43B5-90B4-F7DC0943FDC1}"
EndProject
Project("{FAE04EC0-301F-11D3-BF4B-00C04F79EFBC}") = "TodoApiTests", "TodoApiTests\TodoApiTests.csproj", "{23F30A60-D722-4176-A773-805DD3D67E1B}"
EndProject
Global
	GlobalSection(SolutionConfigurationPlatforms) = preSolution
		Debug|Any CPU = Debug|Any CPU
		Release|Any CPU = Release|Any CPU
	EndGlobalSection
	GlobalSection(ProjectConfigurationPlatforms) = postSolution
		{3C83A08B-D1BD-43B5-90B4-F7DC0943FDC1}.Debug|Any CPU.ActiveCfg = Debug|Any CPU
		{3C83A08B-D1BD-43B5-90B4-F7DC0943FDC1}.Debug|Any CPU.Build.0 = Debug|Any CPU
		{3C83A08B-D1BD-43B5-90B4-F7DC0943FDC1}.Release|Any CPU.ActiveCfg = Release|Any CPU
		{3C83A08B-D1BD-43B5-90B4-F7DC0943FDC1}.Release|Any CPU.Build.0 = Release|Any CPU
		{23F30A60-D722-4176-A773-805DD3D67E1B}.Debug|Any CPU.ActiveCfg = Debug|Any CPU
		{23F30A60-D722-4176-A773-805DD3D67E1B}.Debug|Any CPU.Build.0 = Debug|Any CPU
		{23F30A60-D722-4176-A773-805DD3D67E1B}.Release|Any CPU.ActiveCfg = Release|Any CPU
		{23F30A60-D722-4176-A773-805DD3D67E1B}.Release|Any CPU.Build.0 = Release|Any CPU
	EndGlobalSection
	GlobalSection(SolutionProperties) = preSolution
		HideSolutionNode = FALSE
	EndGlobalSection
	GlobalSection(ExtensibilityGlobals) = postSolution
		SolutionGuid = {146F47A4-AF9F-4999-BBA7-2D51F76A81EC}
	EndGlobalSection
EndGlobal
